
Microsoft Visual Studio Solution File, Format Version 12.00
# Visual Studio Version 17
VisualStudioVersion = 17.5.33627.172
MinimumVisualStudioVersion = 10.0.40219.1
Project("{FAE04EC0-301F-11D3-BF4B-00C04F79EFBC}") = "QLBanHang", "Modern Sliding Sidebar - C-Sharp Winform\QLBanHang.csproj", "{ABD8ED90-9ACA-4FA2-BED7-A2780F07B06B}"
EndProject
Global
	GlobalSection(SolutionConfigurationPlatforms) = preSolution
		Debug|Any CPU = Debug|Any CPU
		Release|Any CPU = Release|Any CPU
	EndGlobalSection
	GlobalSection(ProjectConfigurationPlatforms) = postSolution
		{ABD8ED90-9ACA-4FA2-BED7-A2780F07B06B}.Debug|Any CPU.ActiveCfg = Debug|Any CPU
		{ABD8ED90-9ACA-4FA2-BED7-A2780F07B06B}.Debug|Any CPU.Build.0 = Debug|Any CPU
		{ABD8ED90-9ACA-4FA2-BED7-A2780F07B06B}.Release|Any CPU.ActiveCfg = Release|Any CPU
		{ABD8ED90-9ACA-4FA2-BED7-A2780F07B06B}.Release|Any CPU.Build.0 = Release|Any CPU
	EndGlobalSection
	GlobalSection(SolutionProperties) = preSolution
		HideSolutionNode = FALSE
	EndGlobalSection
	GlobalSection(ExtensibilityGlobals) = postSolution
		SolutionGuid = {15837A0F-6076-433C-87A7-118FD555732A}
	EndGlobalSection
EndGlobal
